
Microsoft Visual Studio Solution File, Format Version 12.00
# Visual Studio Version 16
VisualStudioVersion = 16.0.29001.49
MinimumVisualStudioVersion = 10.0.40219.1
Project("{FAE04EC0-301F-11D3-BF4B-00C04F79EFBC}") = "Visual.Resource.Library", "Visual.Resource.Library.csproj", "{842C6FA1-7093-4269-8DC4-5750C0B03F04}"
EndProject
Global
	GlobalSection(SolutionConfigurationPlatforms) = preSolution
		Debug|Any CPU = Debug|Any CPU
		Release|Any CPU = Release|Any CPU
	EndGlobalSection
	GlobalSection(ProjectConfigurationPlatforms) = postSolution
		{842C6FA1-7093-4269-8DC4-5750C0B03F04}.Debug|Any CPU.ActiveCfg = Debug|Any CPU
		{842C6FA1-7093-4269-8DC4-5750C0B03F04}.Debug|Any CPU.Build.0 = Debug|Any CPU
		{842C6FA1-7093-4269-8DC4-5750C0B03F04}.Release|Any CPU.ActiveCfg = Release|Any CPU
		{842C6FA1-7093-4269-8DC4-5750C0B03F04}.Release|Any CPU.Build.0 = Release|Any CPU
	EndGlobalSection
	GlobalSection(SolutionProperties) = preSolution
		HideSolutionNode = FALSE
	EndGlobalSection
	GlobalSection(ExtensibilityGlobals) = postSolution
		SolutionGuid = {D897CA2B-23AA-44B5-821E-21B28B803EFA}
	EndGlobalSection
EndGlobal
